
Microsoft Visual Studio Solution File, Format Version 12.00
# Visual Studio Version 17
VisualStudioVersion = 17.14.36811.4 d17.14
MinimumVisualStudioVersion = 10.0.40219.1
Project("{FAE04EC0-301F-11D3-BF4B-00C04F79EFBC}") = "BeSkSalon", "BeSkSalon.csproj", "{DE7ECC4A-9295-449C-B4F0-CE102085346A}"
EndProject
Global
	GlobalSection(SolutionConfigurationPlatforms) = preSolution
		Debug|Any CPU = Debug|Any CPU
		Release|Any CPU = Release|Any CPU
	EndGlobalSection
	GlobalSection(ProjectConfigurationPlatforms) = postSolution
		{DE7ECC4A-9295-449C-B4F0-CE102085346A}.Debug|Any CPU.ActiveCfg = Debug|Any CPU
		{DE7ECC4A-9295-449C-B4F0-CE102085346A}.Debug|Any CPU.Build.0 = Debug|Any CPU
		{DE7ECC4A-9295-449C-B4F0-CE102085346A}.Release|Any CPU.ActiveCfg = Release|Any CPU
		{DE7ECC4A-9295-449C-B4F0-CE102085346A}.Release|Any CPU.Build.0 = Release|Any CPU
	EndGlobalSection
	GlobalSection(SolutionProperties) = preSolution
		HideSolutionNode = FALSE
	EndGlobalSection
	GlobalSection(ExtensibilityGlobals) = postSolution
		SolutionGuid = {2CF37FEA-8B34-48BF-A963-CFA86825242A}
	EndGlobalSection
EndGlobal
